
Microsoft Visual Studio Solution File, Format Version 12.00
# Visual Studio Version 17
VisualStudioVersion = 17.0.31903.59
MinimumVisualStudioVersion = 10.0.40219.1
Project("{FAE04EC0-301F-11D3-BF4B-00C04F79EFBC}") = "ShizukaSushi.Contracts", "ShizukaSushi.Contracts\ShizukaSushi.Contracts.csproj", "{FC5967BA-7DCA-4BEC-B02A-3B9255947974}"
EndProject
Project("{FAE04EC0-301F-11D3-BF4B-00C04F79EFBC}") = "ShizukaSushi", "ShizukaSushi\ShizukaSushi.csproj", "{DE79F58F-7EC8-4EFB-A415-E8C983CEFB6E}"
EndProject
Global
	GlobalSection(SolutionConfigurationPlatforms) = preSolution
		Debug|Any CPU = Debug|Any CPU
		Release|Any CPU = Release|Any CPU
	EndGlobalSection
	GlobalSection(SolutionProperties) = preSolution
		HideSolutionNode = FALSE
	EndGlobalSection
	GlobalSection(ProjectConfigurationPlatforms) = postSolution
		{FC5967BA-7DCA-4BEC-B02A-3B9255947974}.Debug|Any CPU.ActiveCfg = Debug|Any CPU
		{FC5967BA-7DCA-4BEC-B02A-3B9255947974}.Debug|Any CPU.Build.0 = Debug|Any CPU
		{FC5967BA-7DCA-4BEC-B02A-3B9255947974}.Release|Any CPU.ActiveCfg = Release|Any CPU
		{FC5967BA-7DCA-4BEC-B02A-3B9255947974}.Release|Any CPU.Build.0 = Release|Any CPU
		{DE79F58F-7EC8-4EFB-A415-E8C983CEFB6E}.Debug|Any CPU.ActiveCfg = Debug|Any CPU
		{DE79F58F-7EC8-4EFB-A415-E8C983CEFB6E}.Debug|Any CPU.Build.0 = Debug|Any CPU
		{DE79F58F-7EC8-4EFB-A415-E8C983CEFB6E}.Release|Any CPU.ActiveCfg = Release|Any CPU
		{DE79F58F-7EC8-4EFB-A415-E8C983CEFB6E}.Release|Any CPU.Build.0 = Release|Any CPU
	EndGlobalSection
EndGlobal
